
Microsoft Visual Studio Solution File, Format Version 12.00
# Visual Studio Version 17
VisualStudioVersion = 17.2.32616.157
MinimumVisualStudioVersion = 10.0.40219.1
Project("{9A19103F-16F7-4668-BE54-9A1E7A4F7556}") = "SocialMediaApplication", "SocialMediaApplication\SocialMediaApplication.csproj", "{41A28734-BECB-43CA-B23D-130C6CD93FDE}"
EndProject
Project("{9A19103F-16F7-4668-BE54-9A1E7A4F7556}") = "AuthMicroService", "AuthMicroService\AuthMicroService.csproj", "{8A7B6EB9-77B9-4633-872A-89C280785319}"
EndProject
Project("{FAE04EC0-301F-11D3-BF4B-00C04F79EFBC}") = "SocialMediaFeedApplicationTest", "SocialMediaFeedApplicationTest\SocialMediaFeedApplicationTest.csproj", "{D22F17FB-1A56-4D9A-8219-3697984CCE15}"
EndProject
Global
	GlobalSection(SolutionConfigurationPlatforms) = preSolution
		Debug|Any CPU = Debug|Any CPU
		Release|Any CPU = Release|Any CPU
	EndGlobalSection
	GlobalSection(ProjectConfigurationPlatforms) = postSolution
		{41A28734-BECB-43CA-B23D-130C6CD93FDE}.Debug|Any CPU.ActiveCfg = Debug|Any CPU
		{41A28734-BECB-43CA-B23D-130C6CD93FDE}.Debug|Any CPU.Build.0 = Debug|Any CPU
		{41A28734-BECB-43CA-B23D-130C6CD93FDE}.Release|Any CPU.ActiveCfg = Release|Any CPU
		{41A28734-BECB-43CA-B23D-130C6CD93FDE}.Release|Any CPU.Build.0 = Release|Any CPU
		{8A7B6EB9-77B9-4633-872A-89C280785319}.Debug|Any CPU.ActiveCfg = Debug|Any CPU
		{8A7B6EB9-77B9-4633-872A-89C280785319}.Debug|Any CPU.Build.0 = Debug|Any CPU
		{8A7B6EB9-77B9-4633-872A-89C280785319}.Release|Any CPU.ActiveCfg = Release|Any CPU
		{8A7B6EB9-77B9-4633-872A-89C280785319}.Release|Any CPU.Build.0 = Release|Any CPU
		{D22F17FB-1A56-4D9A-8219-3697984CCE15}.Debug|Any CPU.ActiveCfg = Debug|Any CPU
		{D22F17FB-1A56-4D9A-8219-3697984CCE15}.Debug|Any CPU.Build.0 = Debug|Any CPU
		{D22F17FB-1A56-4D9A-8219-3697984CCE15}.Release|Any CPU.ActiveCfg = Release|Any CPU
		{D22F17FB-1A56-4D9A-8219-3697984CCE15}.Release|Any CPU.Build.0 = Release|Any CPU
	EndGlobalSection
	GlobalSection(SolutionProperties) = preSolution
		HideSolutionNode = FALSE
	EndGlobalSection
	GlobalSection(ExtensibilityGlobals) = postSolution
		SolutionGuid = {B60A4CAE-01F8-4026-ABDC-DF8580D00C85}
	EndGlobalSection
EndGlobal
